{
  "name": "squad-public",
  "version": "1.0.0",
  "lockfileVersion": 3,
  "requires": true,
  "packages": {
    "": {
      "name": "squad-public",
      "version": "1.0.0",
      "license": "MIT",
      "bin": {
        "squad-public": "bin/squad-public.js"
      },
      "engines": {
        "node": ">=18.0.0"
      }
    }
  }
}
